
Microsoft Visual Studio Solution File, Format Version 12.00
# Visual Studio Version 16
VisualStudioVersion = 16.0.29306.81
MinimumVisualStudioVersion = 10.0.40219.1
Project("{FAE04EC0-301F-11D3-BF4B-00C04F79EFBC}") = "WpfForGit.wpf", "WpfForGit.wpf\WpfForGit.wpf.csproj", "{3CC66D0D-9481-4400-B8BE-DBCA20FCBD09}"
EndProject
Global
	GlobalSection(SolutionConfigurationPlatforms) = preSolution
		Debug|Any CPU = Debug|Any CPU
		Release|Any CPU = Release|Any CPU
	EndGlobalSection
	GlobalSection(ProjectConfigurationPlatforms) = postSolution
		{3CC66D0D-9481-4400-B8BE-DBCA20FCBD09}.Debug|Any CPU.ActiveCfg = Debug|Any CPU
		{3CC66D0D-9481-4400-B8BE-DBCA20FCBD09}.Debug|Any CPU.Build.0 = Debug|Any CPU
		{3CC66D0D-9481-4400-B8BE-DBCA20FCBD09}.Release|Any CPU.ActiveCfg = Release|Any CPU
		{3CC66D0D-9481-4400-B8BE-DBCA20FCBD09}.Release|Any CPU.Build.0 = Release|Any CPU
	EndGlobalSection
	GlobalSection(SolutionProperties) = preSolution
		HideSolutionNode = FALSE
	EndGlobalSection
	GlobalSection(ExtensibilityGlobals) = postSolution
		SolutionGuid = {E1A9A986-D217-40C9-A8F7-CE7F9B6F61D0}
	EndGlobalSection
EndGlobal
